
Microsoft Visual Studio Solution File, Format Version 12.00
# Visual Studio 15
VisualStudioVersion = 15.0.27703.2035
MinimumVisualStudioVersion = 10.0.40219.1
Project("{F184B08F-C81C-45F6-A57F-5ABD9991F28F}") = "DiscordGameServersStatus", "DsicordGameServersStatus\DiscordGameServersStatus.vbproj", "{E0E530F2-7440-4474-8A13-1BF7ADD3592C}"
EndProject
Global
	GlobalSection(SolutionConfigurationPlatforms) = preSolution
		Debug|Any CPU = Debug|Any CPU
		Release|Any CPU = Release|Any CPU
	EndGlobalSection
	GlobalSection(ProjectConfigurationPlatforms) = postSolution
		{E0E530F2-7440-4474-8A13-1BF7ADD3592C}.Debug|Any CPU.ActiveCfg = Debug|Any CPU
		{E0E530F2-7440-4474-8A13-1BF7ADD3592C}.Debug|Any CPU.Build.0 = Debug|Any CPU
		{E0E530F2-7440-4474-8A13-1BF7ADD3592C}.Release|Any CPU.ActiveCfg = Release|Any CPU
		{E0E530F2-7440-4474-8A13-1BF7ADD3592C}.Release|Any CPU.Build.0 = Release|Any CPU
	EndGlobalSection
	GlobalSection(SolutionProperties) = preSolution
		HideSolutionNode = FALSE
	EndGlobalSection
	GlobalSection(ExtensibilityGlobals) = postSolution
		SolutionGuid = {90942D88-8CD5-4CD0-9621-3141B85C9A33}
	EndGlobalSection
EndGlobal
